schema: '2.0'
stages:
  build_clean_manifest_test:
    cmd: .\.venv\Scripts\python.exe scripts/build_clean_manifest.py 
      --input_manifest data/manifests/test/source.jsonl --output_manifest 
      data/manifests/test/clean.jsonl --project_root . --espeak_lang en
    deps:
    - path: data/manifests/test/source.jsonl
      hash: md5
      md5: d0d2cd5d7f64062bfe834f327174ae1c
      size: 3064
    - path: data/raw/test/audio
      hash: md5
      md5: bd7b9dad81d9db2c0a87851ee1fc89a7.dir
      size: 346076
      nfiles: 10
    - path: scripts/build_clean_manifest.py
      hash: md5
      md5: 80d8924073c2237e4cda763119c79e9c
      size: 3855
    params:
      params.yaml:
        build_clean_manifest.espeak_lang: en
        build_clean_manifest.project_root: .
    outs:
    - path: data/manifests/test/clean.jsonl
      hash: md5
      md5: 9d38b23aa08f018437466c7ffb7ef377
      size: 3752
  build_clean_manifest:
    cmd: .\.venv\Scripts\python.exe scripts/build_clean_manifest.py 
      --input_manifest data/manifests/en/source.jsonl --output_manifest 
      data/manifests/en/clean.jsonl --project_root . --espeak_lang en
    deps:
    - path: data/manifests/en/source.jsonl
      hash: md5
      md5: 04e35f4a8b0798c2dacc39f7851541ed
      size: 3044
    - path: data/raw/en/audio
      hash: md5
      md5: bd7b9dad81d9db2c0a87851ee1fc89a7.dir
      size: 346076
      nfiles: 10
    - path: scripts/build_clean_manifest.py
      hash: md5
      md5: 80d8924073c2237e4cda763119c79e9c
      size: 3855
    params:
      params.yaml:
        build_clean_manifest.espeak_lang: en
        build_clean_manifest.project_root: .
    outs:
    - path: data/manifests/en/clean.jsonl
      hash: md5
      md5: b21551412879ebd82a0ca93686ecfb46
      size: 3732
  build_noisy_manifest_en_snr20:
    cmd: .\.venv\Scripts\python.exe scripts/noisyator.py --input_manifest 
      data/manifests/en/clean.jsonl --output_manifest 
      data/manifests/en/noisy_snr_20.jsonl --output_audio_dir 
      data/processed/en/noisy/20 --project_root . --snr_db 20 --seed 42
    deps:
    - path: data/manifests/en/clean.jsonl
      hash: md5
      md5: b21551412879ebd82a0ca93686ecfb46
      size: 3732
    - path: data/raw/en/audio
      hash: md5
      md5: bd7b9dad81d9db2c0a87851ee1fc89a7.dir
      size: 346076
      nfiles: 10
    - path: scripts/noisyator.py
      hash: md5
      md5: b5b7a99e58d6f75812a46dae80a9be05
      size: 4733
    params:
      params.yaml:
        noise.seed: 42
        project.root: .
    outs:
    - path: data/manifests/en/noisy_snr_20.jsonl
      hash: md5
      md5: 818b1a0f826688f6d3aa356b21d64bba
      size: 3932
    - path: data/processed/en/noisy/20
      hash: md5
      md5: f1d823e93bc18b80f16ea2f3800f25b6.dir
      size: 3769784
      nfiles: 10
  build_noisy_manifest_en_snr10:
    cmd: .\.venv\Scripts\python.exe scripts/noisyator.py --input_manifest 
      data/manifests/en/clean.jsonl --output_manifest 
      data/manifests/en/noisy_snr_10.jsonl --output_audio_dir 
      data/processed/en/noisy/10 --project_root . --snr_db 10 --seed 42
    deps:
    - path: data/manifests/en/clean.jsonl
      hash: md5
      md5: b21551412879ebd82a0ca93686ecfb46
      size: 3732
    - path: data/raw/en/audio
      hash: md5
      md5: bd7b9dad81d9db2c0a87851ee1fc89a7.dir
      size: 346076
      nfiles: 10
    - path: scripts/noisyator.py
      hash: md5
      md5: b5b7a99e58d6f75812a46dae80a9be05
      size: 4733
    params:
      params.yaml:
        noise.seed: 42
        project.root: .
    outs:
    - path: data/manifests/en/noisy_snr_10.jsonl
      hash: md5
      md5: 313036ddc35cd2f823b5700b632511a1
      size: 3932
    - path: data/processed/en/noisy/10
      hash: md5
      md5: cc6bdca0f2011d868997fbdc71f84347.dir
      size: 3769784
      nfiles: 10
  build_noisy_manifest_en_snr0:
    cmd: .\.venv\Scripts\python.exe scripts/noisyator.py --input_manifest 
      data/manifests/en/clean.jsonl --output_manifest 
      data/manifests/en/noisy_snr_0.jsonl --output_audio_dir 
      data/processed/en/noisy/0 --project_root . --snr_db 0 --seed 42
    deps:
    - path: data/manifests/en/clean.jsonl
      hash: md5
      md5: b21551412879ebd82a0ca93686ecfb46
      size: 3732
    - path: data/raw/en/audio
      hash: md5
      md5: bd7b9dad81d9db2c0a87851ee1fc89a7.dir
      size: 346076
      nfiles: 10
    - path: scripts/noisyator.py
      hash: md5
      md5: b5b7a99e58d6f75812a46dae80a9be05
      size: 4733
    params:
      params.yaml:
        noise.seed: 42
        project.root: .
    outs:
    - path: data/manifests/en/noisy_snr_0.jsonl
      hash: md5
      md5: 7bc34e91e772abfd888dd17c3588440c
      size: 3902
    - path: data/processed/en/noisy/0
      hash: md5
      md5: 1dd34d47a101e5627b357ac3b908d712.dir
      size: 3769784
      nfiles: 10
  predict_en_snr20:
    cmd: .\.venv\Scripts\python.exe scripts/predict_phonemes.py --input_manifest
      data/manifests/en/noisy_snr_20.jsonl --output_manifest 
      data/manifests/en/pred_snr_20.jsonl --project_root . --model_name 
      facebook/wav2vec2-lv-60-espeak-cv-ft --device auto --target_sr 16000 
      --espeak_library "C:/Program Files/eSpeak NG/libespeak-ng.dll"
    deps:
    - path: data/manifests/en/noisy_snr_20.jsonl
      hash: md5
      md5: 818b1a0f826688f6d3aa356b21d64bba
      size: 3932
    - path: data/processed/en/noisy/20
      hash: md5
      md5: f1d823e93bc18b80f16ea2f3800f25b6.dir
      size: 3769784
      nfiles: 10
    - path: scripts/predict_phonemes.py
      hash: md5
      md5: 1206840ce8bb79c8fbf46cf7ec373204
      size: 5174
    params:
      params.yaml:
        predict.device: auto
        predict.espeak_library: C:/Program Files/eSpeak NG/libespeak-ng.dll
        predict.model_name: facebook/wav2vec2-lv-60-espeak-cv-ft
        predict.target_sr: 16000
        project.root: .
    outs:
    - path: data/manifests/en/pred_snr_20.jsonl
      hash: md5
      md5: 0f9b350c14f8aef3b8b56e27e2e4526e
      size: 5213
  predict_en_snr10:
    cmd: .\.venv\Scripts\python.exe scripts/predict_phonemes.py --input_manifest
      data/manifests/en/noisy_snr_10.jsonl --output_manifest 
      data/manifests/en/pred_snr_10.jsonl --project_root . --model_name 
      facebook/wav2vec2-lv-60-espeak-cv-ft --device auto --target_sr 16000 
      --espeak_library "C:/Program Files/eSpeak NG/libespeak-ng.dll"
    deps:
    - path: data/manifests/en/noisy_snr_10.jsonl
      hash: md5
      md5: 313036ddc35cd2f823b5700b632511a1
      size: 3932
    - path: data/processed/en/noisy/10
      hash: md5
      md5: cc6bdca0f2011d868997fbdc71f84347.dir
      size: 3769784
      nfiles: 10
    - path: scripts/predict_phonemes.py
      hash: md5
      md5: 1206840ce8bb79c8fbf46cf7ec373204
      size: 5174
    params:
      params.yaml:
        predict.device: auto
        predict.espeak_library: C:/Program Files/eSpeak NG/libespeak-ng.dll
        predict.model_name: facebook/wav2vec2-lv-60-espeak-cv-ft
        predict.target_sr: 16000
        project.root: .
    outs:
    - path: data/manifests/en/pred_snr_10.jsonl
      hash: md5
      md5: 4d0661505159239866311c3bf037c8a2
      size: 5119
  predict_en_snr0:
    cmd: .\.venv\Scripts\python.exe scripts/predict_phonemes.py --input_manifest
      data/manifests/en/noisy_snr_0.jsonl --output_manifest 
      data/manifests/en/pred_snr_0.jsonl --project_root . --model_name 
      facebook/wav2vec2-lv-60-espeak-cv-ft --device auto --target_sr 16000 
      --espeak_library "C:/Program Files/eSpeak NG/libespeak-ng.dll"
    deps:
    - path: data/manifests/en/noisy_snr_0.jsonl
      hash: md5
      md5: 7bc34e91e772abfd888dd17c3588440c
      size: 3902
    - path: data/processed/en/noisy/0
      hash: md5
      md5: 1dd34d47a101e5627b357ac3b908d712.dir
      size: 3769784
      nfiles: 10
    - path: scripts/predict_phonemes.py
      hash: md5
      md5: 1206840ce8bb79c8fbf46cf7ec373204
      size: 5174
    params:
      params.yaml:
        predict.device: auto
        predict.espeak_library: C:/Program Files/eSpeak NG/libespeak-ng.dll
        predict.model_name: facebook/wav2vec2-lv-60-espeak-cv-ft
        predict.target_sr: 16000
        project.root: .
    outs:
    - path: data/manifests/en/pred_snr_0.jsonl
      hash: md5
      md5: 2190f4f7099b48a0a8accb6961023ec8
      size: 4757
  evaluate_per_en_snr20:
    cmd: .\.venv\Scripts\python.exe scripts/evaluate_per.py --input_manifest 
      data/manifests/en/pred_snr_20.jsonl --output_metrics 
      results/en/per_snr_20.json
    deps:
    - path: data/manifests/en/pred_snr_20.jsonl
      hash: md5
      md5: 0f9b350c14f8aef3b8b56e27e2e4526e
      size: 5213
    - path: scripts/evaluate_per.py
      hash: md5
      md5: 784a8ee3a1181c6233240a659ff62399
      size: 4667
    outs:
    - path: results/en/per_snr_20.json
      hash: md5
      md5: 91787ca72b3d47a4607012284fd971c9
      size: 232
  evaluate_per_en_snr10:
    cmd: .\.venv\Scripts\python.exe scripts/evaluate_per.py --input_manifest 
      data/manifests/en/pred_snr_10.jsonl --output_metrics 
      results/en/per_snr_10.json
    deps:
    - path: data/manifests/en/pred_snr_10.jsonl
      hash: md5
      md5: 4d0661505159239866311c3bf037c8a2
      size: 5119
    - path: scripts/evaluate_per.py
      hash: md5
      md5: 784a8ee3a1181c6233240a659ff62399
      size: 4667
    outs:
    - path: results/en/per_snr_10.json
      hash: md5
      md5: e47fdaf5ed83bc902a435349dc6eb14d
      size: 233
  evaluate_per_en_snr0:
    cmd: .\.venv\Scripts\python.exe scripts/evaluate_per.py --input_manifest 
      data/manifests/en/pred_snr_0.jsonl --output_metrics 
      results/en/per_snr_0.json
    deps:
    - path: data/manifests/en/pred_snr_0.jsonl
      hash: md5
      md5: 2190f4f7099b48a0a8accb6961023ec8
      size: 4757
    - path: scripts/evaluate_per.py
      hash: md5
      md5: 784a8ee3a1181c6233240a659ff62399
      size: 4667
    outs:
    - path: results/en/per_snr_0.json
      hash: md5
      md5: 3e79bb1a4b373dd034d6467c1f83b4ec
      size: 233
  plot_per_en:
    cmd: .\.venv\Scripts\python.exe scripts/plot_per.py --input_metrics 
      results/en/per_snr_20.json results/en/per_snr_10.json 
      results/en/per_snr_0.json --output_plot results/en/per_vs_snr.png
    deps:
    - path: results/en/per_snr_0.json
      hash: md5
      md5: 3e79bb1a4b373dd034d6467c1f83b4ec
      size: 233
    - path: results/en/per_snr_10.json
      hash: md5
      md5: e47fdaf5ed83bc902a435349dc6eb14d
      size: 233
    - path: results/en/per_snr_20.json
      hash: md5
      md5: 91787ca72b3d47a4607012284fd971c9
      size: 232
    - path: scripts/plot_per.py
      hash: md5
      md5: 380cca2d8e445a012b099b790f4a4232
      size: 3348
    outs:
    - path: results/en/per_vs_snr.png
      hash: md5
      md5: 998263fd01e932c3a2d15b7a33722588
      size: 61299
  build_clean_manifest_fr:
    cmd: .\.venv\Scripts\python.exe scripts/build_clean_manifest.py 
      --input_manifest data/manifests/fr/source.jsonl --output_manifest 
      data/manifests/fr/clean.jsonl --project_root . --espeak_lang fr
    deps:
    - path: data/manifests/fr/source.jsonl
      hash: md5
      md5: bc7bd13b28294cb641baa7ecd703eb7d
      size: 4962
    - path: data/raw/fr/audio
      hash: md5
      md5: 4fdc921e2b09474abc71f3d21f111877.dir
      size: 1869498
      nfiles: 10
    - path: scripts/build_clean_manifest.py
      hash: md5
      md5: 80d8924073c2237e4cda763119c79e9c
      size: 3855
    params:
      params.yaml:
        lang_settings.fr.espeak_lang: fr
        project.root: .
    outs:
    - path: data/manifests/fr/clean.jsonl
      hash: md5
      md5: ab01c2a2768c6d10057bbad78b96431f
      size: 8843
  build_noisy_manifest_fr_snr20:
    cmd: .\.venv\Scripts\python.exe scripts/noisyator.py --input_manifest 
      data/manifests/fr/clean.jsonl --output_manifest 
      data/manifests/fr/noisy_snr_20.jsonl --output_audio_dir 
      data/processed/fr/noisy/20 --project_root . --snr_db 20 --seed 42
    deps:
    - path: data/manifests/fr/clean.jsonl
      hash: md5
      md5: ab01c2a2768c6d10057bbad78b96431f
      size: 8843
    - path: data/raw/fr/audio
      hash: md5
      md5: 4fdc921e2b09474abc71f3d21f111877.dir
      size: 1869498
      nfiles: 10
    - path: scripts/noisyator.py
      hash: md5
      md5: b5b7a99e58d6f75812a46dae80a9be05
      size: 4733
    params:
      params.yaml:
        noise.seed: 42
        project.root: .
    outs:
    - path: data/manifests/fr/noisy_snr_20.jsonl
      hash: md5
      md5: 3e2cba68827ed18ea0b6754b640cc06c
      size: 9023
    - path: data/processed/fr/noisy/20
      hash: md5
      md5: 68d944e15235d852511f11080ceed758.dir
      size: 19936952
      nfiles: 10
  build_noisy_manifest_fr_snr10:
    cmd: .\.venv\Scripts\python.exe scripts/noisyator.py --input_manifest 
      data/manifests/fr/clean.jsonl --output_manifest 
      data/manifests/fr/noisy_snr_10.jsonl --output_audio_dir 
      data/processed/fr/noisy/10 --project_root . --snr_db 10 --seed 42
    deps:
    - path: data/manifests/fr/clean.jsonl
      hash: md5
      md5: ab01c2a2768c6d10057bbad78b96431f
      size: 8843
    - path: data/raw/fr/audio
      hash: md5
      md5: 4fdc921e2b09474abc71f3d21f111877.dir
      size: 1869498
      nfiles: 10
    - path: scripts/noisyator.py
      hash: md5
      md5: b5b7a99e58d6f75812a46dae80a9be05
      size: 4733
    params:
      params.yaml:
        noise.seed: 42
        project.root: .
    outs:
    - path: data/manifests/fr/noisy_snr_10.jsonl
      hash: md5
      md5: c7ae0a758bff410485a0244f347851c8
      size: 9023
    - path: data/processed/fr/noisy/10
      hash: md5
      md5: ab681f62812075975b64a29f408d6c0f.dir
      size: 19936952
      nfiles: 10
  build_noisy_manifest_fr_snr0:
    cmd: .\.venv\Scripts\python.exe scripts/noisyator.py --input_manifest 
      data/manifests/fr/clean.jsonl --output_manifest 
      data/manifests/fr/noisy_snr_0.jsonl --output_audio_dir 
      data/processed/fr/noisy/0 --project_root . --snr_db 0 --seed 42
    deps:
    - path: data/manifests/fr/clean.jsonl
      hash: md5
      md5: ab01c2a2768c6d10057bbad78b96431f
      size: 8843
    - path: data/raw/fr/audio
      hash: md5
      md5: 4fdc921e2b09474abc71f3d21f111877.dir
      size: 1869498
      nfiles: 10
    - path: scripts/noisyator.py
      hash: md5
      md5: b5b7a99e58d6f75812a46dae80a9be05
      size: 4733
    params:
      params.yaml:
        noise.seed: 42
        project.root: .
    outs:
    - path: data/manifests/fr/noisy_snr_0.jsonl
      hash: md5
      md5: 1d5452af8937eadd33e0bc8f2c23de91
      size: 8993
    - path: data/processed/fr/noisy/0
      hash: md5
      md5: 8619008d328e764240a655e4cdb132b5.dir
      size: 19936952
      nfiles: 10
  predict_fr_snr20:
    cmd: .\.venv\Scripts\python.exe scripts/predict_phonemes.py --input_manifest
      data/manifests/fr/noisy_snr_20.jsonl --output_manifest 
      data/manifests/fr/pred_snr_20.jsonl --project_root . --model_name 
      facebook/wav2vec2-lv-60-espeak-cv-ft --device auto --target_sr 16000 
      --espeak_library "C:/Program Files/eSpeak NG/libespeak-ng.dll"
    deps:
    - path: data/manifests/fr/noisy_snr_20.jsonl
      hash: md5
      md5: 3e2cba68827ed18ea0b6754b640cc06c
      size: 9023
    - path: data/processed/fr/noisy/20
      hash: md5
      md5: 68d944e15235d852511f11080ceed758.dir
      size: 19936952
      nfiles: 10
    - path: scripts/predict_phonemes.py
      hash: md5
      md5: 1206840ce8bb79c8fbf46cf7ec373204
      size: 5174
    params:
      params.yaml:
        predict.device: auto
        predict.espeak_library: C:/Program Files/eSpeak NG/libespeak-ng.dll
        predict.model_name: facebook/wav2vec2-lv-60-espeak-cv-ft
        predict.target_sr: 16000
        project.root: .
    outs:
    - path: data/manifests/fr/pred_snr_20.jsonl
      hash: md5
      md5: 2c31715f48bb95bccc53b673318410d1
      size: 12943
  predict_fr_snr10:
    cmd: .\.venv\Scripts\python.exe scripts/predict_phonemes.py --input_manifest
      data/manifests/fr/noisy_snr_10.jsonl --output_manifest 
      data/manifests/fr/pred_snr_10.jsonl --project_root . --model_name 
      facebook/wav2vec2-lv-60-espeak-cv-ft --device auto --target_sr 16000 
      --espeak_library "C:/Program Files/eSpeak NG/libespeak-ng.dll"
    deps:
    - path: data/manifests/fr/noisy_snr_10.jsonl
      hash: md5
      md5: c7ae0a758bff410485a0244f347851c8
      size: 9023
    - path: data/processed/fr/noisy/10
      hash: md5
      md5: ab681f62812075975b64a29f408d6c0f.dir
      size: 19936952
      nfiles: 10
    - path: scripts/predict_phonemes.py
      hash: md5
      md5: 1206840ce8bb79c8fbf46cf7ec373204
      size: 5174
    params:
      params.yaml:
        predict.device: auto
        predict.espeak_library: C:/Program Files/eSpeak NG/libespeak-ng.dll
        predict.model_name: facebook/wav2vec2-lv-60-espeak-cv-ft
        predict.target_sr: 16000
        project.root: .
    outs:
    - path: data/manifests/fr/pred_snr_10.jsonl
      hash: md5
      md5: 7cda5359e98c6717054485cd9b07bbb7
      size: 12434
  predict_fr_snr0:
    cmd: .\.venv\Scripts\python.exe scripts/predict_phonemes.py --input_manifest
      data/manifests/fr/noisy_snr_0.jsonl --output_manifest 
      data/manifests/fr/pred_snr_0.jsonl --project_root . --model_name 
      facebook/wav2vec2-lv-60-espeak-cv-ft --device auto --target_sr 16000 
      --espeak_library "C:/Program Files/eSpeak NG/libespeak-ng.dll"
    deps:
    - path: data/manifests/fr/noisy_snr_0.jsonl
      hash: md5
      md5: 1d5452af8937eadd33e0bc8f2c23de91
      size: 8993
    - path: data/processed/fr/noisy/0
      hash: md5
      md5: 8619008d328e764240a655e4cdb132b5.dir
      size: 19936952
      nfiles: 10
    - path: scripts/predict_phonemes.py
      hash: md5
      md5: 1206840ce8bb79c8fbf46cf7ec373204
      size: 5174
    params:
      params.yaml:
        predict.device: auto
        predict.espeak_library: C:/Program Files/eSpeak NG/libespeak-ng.dll
        predict.model_name: facebook/wav2vec2-lv-60-espeak-cv-ft
        predict.target_sr: 16000
        project.root: .
    outs:
    - path: data/manifests/fr/pred_snr_0.jsonl
      hash: md5
      md5: 0f662ade54417b7bad3f12698ba46626
      size: 11437
  evaluate_per_fr_snr20:
    cmd: .\.venv\Scripts\python.exe scripts/evaluate_per.py --input_manifest 
      data/manifests/fr/pred_snr_20.jsonl --output_metrics 
      results/fr/per_snr_20.json
    deps:
    - path: data/manifests/fr/pred_snr_20.jsonl
      hash: md5
      md5: 2c31715f48bb95bccc53b673318410d1
      size: 12943
    - path: scripts/evaluate_per.py
      hash: md5
      md5: 784a8ee3a1181c6233240a659ff62399
      size: 4667
    outs:
    - path: results/fr/per_snr_20.json
      hash: md5
      md5: d90ad8e815fa7fbea54201975f7156c4
      size: 236
  evaluate_per_fr_snr10:
    cmd: .\.venv\Scripts\python.exe scripts/evaluate_per.py --input_manifest 
      data/manifests/fr/pred_snr_10.jsonl --output_metrics 
      results/fr/per_snr_10.json
    deps:
    - path: data/manifests/fr/pred_snr_10.jsonl
      hash: md5
      md5: 7cda5359e98c6717054485cd9b07bbb7
      size: 12434
    - path: scripts/evaluate_per.py
      hash: md5
      md5: 784a8ee3a1181c6233240a659ff62399
      size: 4667
    outs:
    - path: results/fr/per_snr_10.json
      hash: md5
      md5: c7e032adee86b660988c3d5de5b87c6c
      size: 236
  evaluate_per_fr_snr0:
    cmd: .\.venv\Scripts\python.exe scripts/evaluate_per.py --input_manifest 
      data/manifests/fr/pred_snr_0.jsonl --output_metrics 
      results/fr/per_snr_0.json
    deps:
    - path: data/manifests/fr/pred_snr_0.jsonl
      hash: md5
      md5: 0f662ade54417b7bad3f12698ba46626
      size: 11437
    - path: scripts/evaluate_per.py
      hash: md5
      md5: 784a8ee3a1181c6233240a659ff62399
      size: 4667
    outs:
    - path: results/fr/per_snr_0.json
      hash: md5
      md5: 119b7c6c73ede06a1efbd8c954aa4afc
      size: 233
  plot_per_fr:
    cmd: .\.venv\Scripts\python.exe scripts/plot_per.py --input_metrics 
      results/fr/per_snr_20.json results/fr/per_snr_10.json 
      results/fr/per_snr_0.json --output_plot results/fr/per_vs_snr.png
    deps:
    - path: results/fr/per_snr_0.json
      hash: md5
      md5: 119b7c6c73ede06a1efbd8c954aa4afc
      size: 233
    - path: results/fr/per_snr_10.json
      hash: md5
      md5: c7e032adee86b660988c3d5de5b87c6c
      size: 236
    - path: results/fr/per_snr_20.json
      hash: md5
      md5: d90ad8e815fa7fbea54201975f7156c4
      size: 236
    - path: scripts/plot_per.py
      hash: md5
      md5: 380cca2d8e445a012b099b790f4a4232
      size: 3348
    outs:
    - path: results/fr/per_vs_snr.png
      hash: md5
      md5: 6185fb904d10ec120b169065d4df2d25
      size: 70810
  build_clean_manifest_en:
    cmd: .\.venv\Scripts\python.exe scripts/build_clean_manifest.py 
      --input_manifest data/manifests/en/source.jsonl --output_manifest 
      data/manifests/en/clean.jsonl --project_root . --espeak_lang en
    deps:
    - path: data/manifests/en/source.jsonl
      hash: md5
      md5: 04e35f4a8b0798c2dacc39f7851541ed
      size: 3044
    - path: data/raw/en/audio
      hash: md5
      md5: bd7b9dad81d9db2c0a87851ee1fc89a7.dir
      size: 346076
      nfiles: 10
    - path: scripts/build_clean_manifest.py
      hash: md5
      md5: 80d8924073c2237e4cda763119c79e9c
      size: 3855
    params:
      params.yaml:
        lang_settings.en.espeak_lang: en
        project.root: .
    outs:
    - path: data/manifests/en/clean.jsonl
      hash: md5
      md5: b21551412879ebd82a0ca93686ecfb46
      size: 3732
  plot_per_all:
    cmd: .\.venv\Scripts\python.exe scripts/plot_per.py --input_metrics 
      results/en/per_snr_20.json results/en/per_snr_10.json 
      results/en/per_snr_0.json results/fr/per_snr_20.json 
      results/fr/per_snr_10.json results/fr/per_snr_0.json --output_plot 
      results/per_vs_snr_all.png
    deps:
    - path: results/en/per_snr_0.json
      hash: md5
      md5: 3e79bb1a4b373dd034d6467c1f83b4ec
      size: 233
    - path: results/en/per_snr_10.json
      hash: md5
      md5: e47fdaf5ed83bc902a435349dc6eb14d
      size: 233
    - path: results/en/per_snr_20.json
      hash: md5
      md5: 91787ca72b3d47a4607012284fd971c9
      size: 232
    - path: results/fr/per_snr_0.json
      hash: md5
      md5: 119b7c6c73ede06a1efbd8c954aa4afc
      size: 233
    - path: results/fr/per_snr_10.json
      hash: md5
      md5: c7e032adee86b660988c3d5de5b87c6c
      size: 236
    - path: results/fr/per_snr_20.json
      hash: md5
      md5: d90ad8e815fa7fbea54201975f7156c4
      size: 236
    - path: scripts/plot_per.py
      hash: md5
      md5: 380cca2d8e445a012b099b790f4a4232
      size: 3348
    outs:
    - path: results/per_vs_snr_all.png
      hash: md5
      md5: 0d43237901bbae8fe57e64945c5d2bcb
      size: 104443
