schema: '2.0'
stages:
  build_clean_manifest_test:
    cmd: .\.venv\Scripts\python.exe scripts/build_clean_manifest.py 
      --input_manifest data/manifests/test/source.jsonl --output_manifest 
      data/manifests/test/clean.jsonl --project_root . --espeak_lang en
    deps:
    - path: data/manifests/test/source.jsonl
      hash: md5
      md5: d0d2cd5d7f64062bfe834f327174ae1c
      size: 3064
    - path: data/raw/test/audio
      hash: md5
      md5: bd7b9dad81d9db2c0a87851ee1fc89a7.dir
      size: 346076
      nfiles: 10
    - path: scripts/build_clean_manifest.py
      hash: md5
      md5: 80d8924073c2237e4cda763119c79e9c
      size: 3855
    params:
      params.yaml:
        build_clean_manifest.espeak_lang: en
        build_clean_manifest.project_root: .
    outs:
    - path: data/manifests/test/clean.jsonl
      hash: md5
      md5: 9d38b23aa08f018437466c7ffb7ef377
      size: 3752
  build_clean_manifest:
    cmd: .\.venv\Scripts\python.exe scripts/build_clean_manifest.py 
      --input_manifest data/manifests/en/source.jsonl --output_manifest 
      data/manifests/en/clean.jsonl --project_root . --espeak_lang en
    deps:
    - path: data/manifests/en/source.jsonl
      hash: md5
      md5: 04e35f4a8b0798c2dacc39f7851541ed
      size: 3044
    - path: data/raw/en/audio
      hash: md5
      md5: bd7b9dad81d9db2c0a87851ee1fc89a7.dir
      size: 346076
      nfiles: 10
    - path: scripts/build_clean_manifest.py
      hash: md5
      md5: 80d8924073c2237e4cda763119c79e9c
      size: 3855
    params:
      params.yaml:
        build_clean_manifest.espeak_lang: en
        build_clean_manifest.project_root: .
    outs:
    - path: data/manifests/en/clean.jsonl
      hash: md5
      md5: b21551412879ebd82a0ca93686ecfb46
      size: 3732
  build_noisy_manifest_en_snr20:
    cmd: .\.venv\Scripts\python.exe scripts/noisyator.py --input_manifest 
      data/manifests/en/clean.jsonl --output_manifest 
      data/manifests/en/noisy_snr_20.jsonl --output_audio_dir 
      data/processed/en/noisy/20 --project_root . --snr_db 20 --seed 42
    deps:
    - path: data/manifests/en/clean.jsonl
      hash: md5
      md5: b21551412879ebd82a0ca93686ecfb46
      size: 3732
    - path: data/raw/en/audio
      hash: md5
      md5: bd7b9dad81d9db2c0a87851ee1fc89a7.dir
      size: 346076
      nfiles: 10
    - path: scripts/noisyator.py
      hash: md5
      md5: b5b7a99e58d6f75812a46dae80a9be05
      size: 4733
    params:
      params.yaml:
        build_clean_manifest.project_root: .
        noise.seed: 42
    outs:
    - path: data/manifests/en/noisy_snr_20.jsonl
      hash: md5
      md5: 818b1a0f826688f6d3aa356b21d64bba
      size: 3932
    - path: data/processed/en/noisy/20
      hash: md5
      md5: f1d823e93bc18b80f16ea2f3800f25b6.dir
      size: 3769784
      nfiles: 10
  build_noisy_manifest_en_snr10:
    cmd: .\.venv\Scripts\python.exe scripts/noisyator.py --input_manifest 
      data/manifests/en/clean.jsonl --output_manifest 
      data/manifests/en/noisy_snr_10.jsonl --output_audio_dir 
      data/processed/en/noisy/10 --project_root . --snr_db 10 --seed 42
    deps:
    - path: data/manifests/en/clean.jsonl
      hash: md5
      md5: b21551412879ebd82a0ca93686ecfb46
      size: 3732
    - path: data/raw/en/audio
      hash: md5
      md5: bd7b9dad81d9db2c0a87851ee1fc89a7.dir
      size: 346076
      nfiles: 10
    - path: scripts/noisyator.py
      hash: md5
      md5: b5b7a99e58d6f75812a46dae80a9be05
      size: 4733
    params:
      params.yaml:
        build_clean_manifest.project_root: .
        noise.seed: 42
    outs:
    - path: data/manifests/en/noisy_snr_10.jsonl
      hash: md5
      md5: 313036ddc35cd2f823b5700b632511a1
      size: 3932
    - path: data/processed/en/noisy/10
      hash: md5
      md5: cc6bdca0f2011d868997fbdc71f84347.dir
      size: 3769784
      nfiles: 10
  build_noisy_manifest_en_snr0:
    cmd: .\.venv\Scripts\python.exe scripts/noisyator.py --input_manifest 
      data/manifests/en/clean.jsonl --output_manifest 
      data/manifests/en/noisy_snr_0.jsonl --output_audio_dir 
      data/processed/en/noisy/0 --project_root . --snr_db 0 --seed 42
    deps:
    - path: data/manifests/en/clean.jsonl
      hash: md5
      md5: b21551412879ebd82a0ca93686ecfb46
      size: 3732
    - path: data/raw/en/audio
      hash: md5
      md5: bd7b9dad81d9db2c0a87851ee1fc89a7.dir
      size: 346076
      nfiles: 10
    - path: scripts/noisyator.py
      hash: md5
      md5: b5b7a99e58d6f75812a46dae80a9be05
      size: 4733
    params:
      params.yaml:
        build_clean_manifest.project_root: .
        noise.seed: 42
    outs:
    - path: data/manifests/en/noisy_snr_0.jsonl
      hash: md5
      md5: 7bc34e91e772abfd888dd17c3588440c
      size: 3902
    - path: data/processed/en/noisy/0
      hash: md5
      md5: 1dd34d47a101e5627b357ac3b908d712.dir
      size: 3769784
      nfiles: 10
  predict_en_snr20:
    cmd: .\.venv\Scripts\python.exe scripts/predict_phonemes.py --input_manifest
      data/manifests/en/noisy_snr_20.jsonl --output_manifest 
      data/manifests/en/pred_snr_20.jsonl --project_root . --model_name 
      facebook/wav2vec2-lv-60-espeak-cv-ft --device auto --target_sr 16000 
      --espeak_library "C:/Program Files/eSpeak NG/libespeak-ng.dll"
    deps:
    - path: data/manifests/en/noisy_snr_20.jsonl
      hash: md5
      md5: 818b1a0f826688f6d3aa356b21d64bba
      size: 3932
    - path: data/processed/en/noisy/20
      hash: md5
      md5: f1d823e93bc18b80f16ea2f3800f25b6.dir
      size: 3769784
      nfiles: 10
    - path: scripts/predict_phonemes.py
      hash: md5
      md5: 1206840ce8bb79c8fbf46cf7ec373204
      size: 5174
    params:
      params.yaml:
        build_clean_manifest.project_root: .
        predict.device: auto
        predict.espeak_library: C:/Program Files/eSpeak NG/libespeak-ng.dll
        predict.model_name: facebook/wav2vec2-lv-60-espeak-cv-ft
        predict.target_sr: 16000
    outs:
    - path: data/manifests/en/pred_snr_20.jsonl
      hash: md5
      md5: 0f9b350c14f8aef3b8b56e27e2e4526e
      size: 5213
  predict_en_snr10:
    cmd: .\.venv\Scripts\python.exe scripts/predict_phonemes.py --input_manifest
      data/manifests/en/noisy_snr_10.jsonl --output_manifest 
      data/manifests/en/pred_snr_10.jsonl --project_root . --model_name 
      facebook/wav2vec2-lv-60-espeak-cv-ft --device auto --target_sr 16000 
      --espeak_library "C:/Program Files/eSpeak NG/libespeak-ng.dll"
    deps:
    - path: data/manifests/en/noisy_snr_10.jsonl
      hash: md5
      md5: 313036ddc35cd2f823b5700b632511a1
      size: 3932
    - path: data/processed/en/noisy/10
      hash: md5
      md5: cc6bdca0f2011d868997fbdc71f84347.dir
      size: 3769784
      nfiles: 10
    - path: scripts/predict_phonemes.py
      hash: md5
      md5: 1206840ce8bb79c8fbf46cf7ec373204
      size: 5174
    params:
      params.yaml:
        build_clean_manifest.project_root: .
        predict.device: auto
        predict.espeak_library: C:/Program Files/eSpeak NG/libespeak-ng.dll
        predict.model_name: facebook/wav2vec2-lv-60-espeak-cv-ft
        predict.target_sr: 16000
    outs:
    - path: data/manifests/en/pred_snr_10.jsonl
      hash: md5
      md5: 4d0661505159239866311c3bf037c8a2
      size: 5119
  predict_en_snr0:
    cmd: .\.venv\Scripts\python.exe scripts/predict_phonemes.py --input_manifest
      data/manifests/en/noisy_snr_0.jsonl --output_manifest 
      data/manifests/en/pred_snr_0.jsonl --project_root . --model_name 
      facebook/wav2vec2-lv-60-espeak-cv-ft --device auto --target_sr 16000 
      --espeak_library "C:/Program Files/eSpeak NG/libespeak-ng.dll"
    deps:
    - path: data/manifests/en/noisy_snr_0.jsonl
      hash: md5
      md5: 7bc34e91e772abfd888dd17c3588440c
      size: 3902
    - path: data/processed/en/noisy/0
      hash: md5
      md5: 1dd34d47a101e5627b357ac3b908d712.dir
      size: 3769784
      nfiles: 10
    - path: scripts/predict_phonemes.py
      hash: md5
      md5: 1206840ce8bb79c8fbf46cf7ec373204
      size: 5174
    params:
      params.yaml:
        build_clean_manifest.project_root: .
        predict.device: auto
        predict.espeak_library: C:/Program Files/eSpeak NG/libespeak-ng.dll
        predict.model_name: facebook/wav2vec2-lv-60-espeak-cv-ft
        predict.target_sr: 16000
    outs:
    - path: data/manifests/en/pred_snr_0.jsonl
      hash: md5
      md5: 2190f4f7099b48a0a8accb6961023ec8
      size: 4757
  evaluate_per_en_snr20:
    cmd: .\.venv\Scripts\python.exe scripts/evaluate_per.py --input_manifest 
      data/manifests/en/pred_snr_20.jsonl --output_metrics 
      results/en/per_snr_20.json
    deps:
    - path: data/manifests/en/pred_snr_20.jsonl
      hash: md5
      md5: 0f9b350c14f8aef3b8b56e27e2e4526e
      size: 5213
    - path: scripts/evaluate_per.py
      hash: md5
      md5: 784a8ee3a1181c6233240a659ff62399
      size: 4667
    outs:
    - path: results/en/per_snr_20.json
      hash: md5
      md5: 91787ca72b3d47a4607012284fd971c9
      size: 232
  evaluate_per_en_snr10:
    cmd: .\.venv\Scripts\python.exe scripts/evaluate_per.py --input_manifest 
      data/manifests/en/pred_snr_10.jsonl --output_metrics 
      results/en/per_snr_10.json
    deps:
    - path: data/manifests/en/pred_snr_10.jsonl
      hash: md5
      md5: 4d0661505159239866311c3bf037c8a2
      size: 5119
    - path: scripts/evaluate_per.py
      hash: md5
      md5: 784a8ee3a1181c6233240a659ff62399
      size: 4667
    outs:
    - path: results/en/per_snr_10.json
      hash: md5
      md5: e47fdaf5ed83bc902a435349dc6eb14d
      size: 233
  evaluate_per_en_snr0:
    cmd: .\.venv\Scripts\python.exe scripts/evaluate_per.py --input_manifest 
      data/manifests/en/pred_snr_0.jsonl --output_metrics 
      results/en/per_snr_0.json
    deps:
    - path: data/manifests/en/pred_snr_0.jsonl
      hash: md5
      md5: 2190f4f7099b48a0a8accb6961023ec8
      size: 4757
    - path: scripts/evaluate_per.py
      hash: md5
      md5: 784a8ee3a1181c6233240a659ff62399
      size: 4667
    outs:
    - path: results/en/per_snr_0.json
      hash: md5
      md5: 3e79bb1a4b373dd034d6467c1f83b4ec
      size: 233
  plot_per_en:
    cmd: .\.venv\Scripts\python.exe scripts/plot_per.py --input_metrics 
      results/en/per_snr_20.json results/en/per_snr_10.json 
      results/en/per_snr_0.json --output_plot results/en/per_vs_snr.png
    deps:
    - path: results/en/per_snr_0.json
      hash: md5
      md5: 3e79bb1a4b373dd034d6467c1f83b4ec
      size: 233
    - path: results/en/per_snr_10.json
      hash: md5
      md5: e47fdaf5ed83bc902a435349dc6eb14d
      size: 233
    - path: results/en/per_snr_20.json
      hash: md5
      md5: 91787ca72b3d47a4607012284fd971c9
      size: 232
    - path: scripts/plot_per.py
      hash: md5
      md5: 63222423ee12490c59ccc1908b49bba5
      size: 2046
    outs:
    - path: results/en/per_vs_snr.png
      hash: md5
      md5: d07d7b268a5432d237e74bcfd839d018
      size: 59667
